{
  "nodes": {
    "nixpkgs": {
      "locked": {
        "lastModified": 1655681190,
        "narHash": "sha256-1F9wop/UvJsHCIN4QVMWEvnBQj3GwCycy/x+1Wi43dk=",
        "owner": "NixOS",
        "repo": "nixpkgs",
        "rev": "bf97f8474aaf2fd8f00cdd48ac926e32970dace1",
        "type": "github"
      },
      "original": {
        "owner": "NixOS",
        "repo": "nixpkgs",
        "type": "github"
      }
    },
    "root": {
      "inputs": {
        "nixpkgs": "nixpkgs",
        "utils": "utils"
      }
    },
    "utils": {
      "locked": {
        "lastModified": 1653893745,
        "narHash": "sha256-0jntwV3Z8//YwuOjzhV2sgJJPt+HY6KhU7VZUL0fKZQ=",
        "owner": "numtide",
        "repo": "flake-utils",
        "rev": "1ed9fb1935d260de5fe1c2f7ee0ebaae17ed2fa1",
        "type": "github"
      },
      "original": {
        "owner": "numtide",
        "repo": "flake-utils",
        "type": "github"
      }
    }
  },
  "root": "root",
  "version": 7
}
